<?xml version="1.0" encoding="utf-8"?>
<Project ToolsVersion="4.0" xmlns="http://schemas.microsoft.com/developer/msbuild/2003">
  <ItemGroup>
    <ClCompile Include="Bladeplugin.cpp">
      <Filter>Source Files</Filter>
    </ClCompile>
    <ClCompile Include="BladeView.cpp">
      <Filter>Source Files</Filter>
    </ClCompile>
    <ClCompile Include="Bladewindow.cpp">
      <Filter>Source Files</Filter>
    </ClCompile>
    <ClCompile Include="solution_pch.cpp">
      <Filter>Source Files</Filter>
    </ClCompile>
    <ClCompile Include="TaskDlgBlade.cpp">
      <Filter>Source Files</Filter>
    </ClCompile>
    <ClCompile Include="TaskBoxCameraDisplay.cpp">
      <Filter>Source Files</Filter>
    </ClCompile>
    <ClCompile Include="BladeMode.cpp">
      <Filter>Source Files</Filter>
    </ClCompile>
    <ClCompile Include="TaskRobot6Axis.cpp">
      <Filter>Source Files</Filter>
    </ClCompile>
    <ClCompile Include="TaskBoxImage.cpp">
      <Filter>Source Files</Filter>
    </ClCompile>
    <ClCompile Include="ImageObject.cpp">
      <Filter>Source Files</Filter>
    </ClCompile>
  </ItemGroup>
  <ItemGroup>
    <CustomBuild Include="Blade.pluginspec">
      <Filter>Resource</Filter>
    </CustomBuild>
    <CustomBuild Include="Bladeplugin.h">
      <Filter>Header Files</Filter>
    </CustomBuild>
    <CustomBuild Include="Bladewindow.h">
      <Filter>Header Files</Filter>
    </CustomBuild>
    <CustomBuild Include="PluginBlade.qrc">
      <Filter>Resource</Filter>
    </CustomBuild>
    <CustomBuild Include="BladeView.h">
      <Filter>Header Files</Filter>
    </CustomBuild>
    <CustomBuild Include="TaskDlgBlade.h">
      <Filter>Header Files</Filter>
    </CustomBuild>
    <CustomBuild Include="TaskBoxCameraDisplay.h">
      <Filter>Header Files</Filter>
    </CustomBuild>
    <CustomBuild Include="TaskRobot6Axis.ui">
      <Filter>Resource</Filter>
    </CustomBuild>
    <CustomBuild Include="TaskBoxCameraDisplay.ui">
      <Filter>Resource</Filter>
    </CustomBuild>
    <CustomBuild Include="TaskRobot6Axis.h">
      <Filter>Header Files</Filter>
    </CustomBuild>
    <CustomBuild Include="TaskBoxImage.ui">
      <Filter>Resource</Filter>
    </CustomBuild>
    <CustomBuild Include="TaskBoxImage.h">
      <Filter>Header Files</Filter>
    </CustomBuild>
    <CustomBuild Include="ImageObject.h">
      <Filter>Header Files</Filter>
    </CustomBuild>
  </ItemGroup>
  <ItemGroup>
    <ClInclude Include="solution_pch.h">
      <Filter>Header Files</Filter>
    </ClInclude>
    <ClInclude Include="BladeMode.h">
      <Filter>Header Files</Filter>
    </ClInclude>
  </ItemGroup>
  <ItemGroup>
    <Filter Include="Header Files">
      <UniqueIdentifier>{e639f58a-32d0-4415-b1b6-b3bbf064926e}</UniqueIdentifier>
    </Filter>
    <Filter Include="Source Files">
      <UniqueIdentifier>{865d1bb4-42ef-4c1d-bd35-e45da6b221ba}</UniqueIdentifier>
    </Filter>
    <Filter Include="Resource">
      <UniqueIdentifier>{37e71728-a728-41eb-85f5-8f15d739fefe}</UniqueIdentifier>
    </Filter>
  </ItemGroup>
  <ItemGroup>
    <Image Include="mode_Blade.png">
      <Filter>Resource</Filter>
    </Image>
  </ItemGroup>
</Project>